
Microsoft Visual Studio Solution File, Format Version 11.00
# Visual Studio 2010
Project("{8BC9CEB8-8B4A-11D0-8D11-00A0C91BC942}") = "CV", "CV\CV.vcxproj", "{62CB5536-A7B4-4140-A20B-A340BB7AE21E}"
EndProject
Global
	GlobalSection(SolutionConfigurationPlatforms) = preSolution
		Debug|Win32 = Debug|Win32
		Release|Win32 = Release|Win32
	EndGlobalSection
	GlobalSection(ProjectConfigurationPlatforms) = postSolution
		{62CB5536-A7B4-4140-A20B-A340BB7AE21E}.Debug|Win32.ActiveCfg = Debug|Win32
		{62CB5536-A7B4-4140-A20B-A340BB7AE21E}.Debug|Win32.Build.0 = Debug|Win32
		{62CB5536-A7B4-4140-A20B-A340BB7AE21E}.Release|Win32.ActiveCfg = Release|Win32
		{62CB5536-A7B4-4140-A20B-A340BB7AE21E}.Release|Win32.Build.0 = Release|Win32
	EndGlobalSection
	GlobalSection(SolutionProperties) = preSolution
		HideSolutionNode = FALSE
	EndGlobalSection
EndGlobal
